
Microsoft Visual Studio Solution File, Format Version 12.00
# Visual Studio Version 17
VisualStudioVersion = 17.14.36310.24 d17.14
MinimumVisualStudioVersion = 10.0.40219.1
Project("{FAE04EC0-301F-11D3-BF4B-00C04F79EFBC}") = "StingerReadded", "StingerReadded.csproj", "{D549B95B-5876-4E31-B3EC-29FF9C1D6823}"
EndProject
Global
	GlobalSection(SolutionConfigurationPlatforms) = preSolution
		Debug|Any CPU = Debug|Any CPU
		Release|Any CPU = Release|Any CPU
	EndGlobalSection
	GlobalSection(ProjectConfigurationPlatforms) = postSolution
		{D549B95B-5876-4E31-B3EC-29FF9C1D6823}.Debug|Any CPU.ActiveCfg = Debug|Any CPU
		{D549B95B-5876-4E31-B3EC-29FF9C1D6823}.Debug|Any CPU.Build.0 = Debug|Any CPU
		{D549B95B-5876-4E31-B3EC-29FF9C1D6823}.Release|Any CPU.ActiveCfg = Release|Any CPU
		{D549B95B-5876-4E31-B3EC-29FF9C1D6823}.Release|Any CPU.Build.0 = Release|Any CPU
	EndGlobalSection
	GlobalSection(SolutionProperties) = preSolution
		HideSolutionNode = FALSE
	EndGlobalSection
	GlobalSection(ExtensibilityGlobals) = postSolution
		SolutionGuid = {F823D194-A6CC-45CB-A9C9-F8793BF4E88A}
	EndGlobalSection
EndGlobal
